
Microsoft Visual Studio Solution File, Format Version 12.00
# Visual Studio Version 17
VisualStudioVersion = 17.4.33205.214
MinimumVisualStudioVersion = 10.0.40219.1
Project("{FAE04EC0-301F-11D3-BF4B-00C04F79EFBC}") = "SeleniumWithCSharp", "SeleniumWithCSharp\SeleniumWithCSharp.csproj", "{39DAEA1A-A8FD-42E7-81B7-DCCA49D931E7}"
EndProject
Project("{FAE04EC0-301F-11D3-BF4B-00C04F79EFBC}") = "CustomMethods", "CustomMethods\CustomMethods.csproj", "{0A831C67-C6B1-4B14-B7B6-C09DB880ABE6}"
EndProject
Global
	GlobalSection(SolutionConfigurationPlatforms) = preSolution
		Debug|Any CPU = Debug|Any CPU
		Release|Any CPU = Release|Any CPU
	EndGlobalSection
	GlobalSection(ProjectConfigurationPlatforms) = postSolution
		{39DAEA1A-A8FD-42E7-81B7-DCCA49D931E7}.Debug|Any CPU.ActiveCfg = Debug|Any CPU
		{39DAEA1A-A8FD-42E7-81B7-DCCA49D931E7}.Debug|Any CPU.Build.0 = Debug|Any CPU
		{39DAEA1A-A8FD-42E7-81B7-DCCA49D931E7}.Release|Any CPU.ActiveCfg = Release|Any CPU
		{39DAEA1A-A8FD-42E7-81B7-DCCA49D931E7}.Release|Any CPU.Build.0 = Release|Any CPU
		{0A831C67-C6B1-4B14-B7B6-C09DB880ABE6}.Debug|Any CPU.ActiveCfg = Debug|Any CPU
		{0A831C67-C6B1-4B14-B7B6-C09DB880ABE6}.Debug|Any CPU.Build.0 = Debug|Any CPU
		{0A831C67-C6B1-4B14-B7B6-C09DB880ABE6}.Release|Any CPU.ActiveCfg = Release|Any CPU
		{0A831C67-C6B1-4B14-B7B6-C09DB880ABE6}.Release|Any CPU.Build.0 = Release|Any CPU
	EndGlobalSection
	GlobalSection(SolutionProperties) = preSolution
		HideSolutionNode = FALSE
	EndGlobalSection
	GlobalSection(ExtensibilityGlobals) = postSolution
		SolutionGuid = {38DC0235-6DBA-4B25-BE66-D132CEB2B8EE}
	EndGlobalSection
EndGlobal
